
Microsoft Visual Studio Solution File, Format Version 12.00
Project("{FAE04EC0-301F-11D3-BF4B-00C04F79EFBC}") = "Math", "Math.csproj", "{E65B8A85-0F37-4214-A9EB-CC4BB6D81A60}"
EndProject
Global
	GlobalSection(SolutionConfigurationPlatforms) = preSolution
		Debug|Any CPU = Debug|Any CPU
		Release|Any CPU = Release|Any CPU
	EndGlobalSection
	GlobalSection(ProjectConfigurationPlatforms) = postSolution
		{E65B8A85-0F37-4214-A9EB-CC4BB6D81A60}.Debug|Any CPU.ActiveCfg = Debug|Any CPU
		{E65B8A85-0F37-4214-A9EB-CC4BB6D81A60}.Debug|Any CPU.Build.0 = Debug|Any CPU
		{E65B8A85-0F37-4214-A9EB-CC4BB6D81A60}.Release|Any CPU.ActiveCfg = Release|Any CPU
		{E65B8A85-0F37-4214-A9EB-CC4BB6D81A60}.Release|Any CPU.Build.0 = Release|Any CPU
	EndGlobalSection
EndGlobal
